
Microsoft Visual Studio Solution File, Format Version 12.00
# Visual Studio 15
VisualStudioVersion = 15.0.27130.2020
MinimumVisualStudioVersion = 10.0.40219.1
Project("{8BC9CEB8-8B4A-11D0-8D11-00A0C91BC942}") = "SolaARNaturalImageMarkerDyn", "Dynamic\SolARNaturalImageMarkerDyn.vcxproj", "{5636B0FF-0BE8-4D22-A450-85EA978619A3}"
EndProject
Project("{8BC9CEB8-8B4A-11D0-8D11-00A0C91BC942}") = "SolARNaturalImageMarkerSimple", "Simple\SolARNaturalImageMarkerSimple.vcxproj", "{E7A789A1-0AAE-4E51-9AEE-A30D8FDC979C}"
EndProject
Project("{8BC9CEB8-8B4A-11D0-8D11-00A0C91BC942}") = "SolARNaturalImageMarkerStatic", "Static\SolARNaturalImageMarkerStatic.vcxproj", "{87CD72ED-34A9-41F0-A7DB-C16249C7D962}"
EndProject
Global
	GlobalSection(SolutionConfigurationPlatforms) = preSolution
		Debug|x64 = Debug|x64
		Debug|x86 = Debug|x86
		Release|x64 = Release|x64
		Release|x86 = Release|x86
	EndGlobalSection
	GlobalSection(ProjectConfigurationPlatforms) = postSolution
		{5636B0FF-0BE8-4D22-A450-85EA978619A3}.Debug|x64.ActiveCfg = Debug|x64
		{5636B0FF-0BE8-4D22-A450-85EA978619A3}.Debug|x64.Build.0 = Debug|x64
		{5636B0FF-0BE8-4D22-A450-85EA978619A3}.Debug|x86.ActiveCfg = Debug|Win32
		{5636B0FF-0BE8-4D22-A450-85EA978619A3}.Debug|x86.Build.0 = Debug|Win32
		{5636B0FF-0BE8-4D22-A450-85EA978619A3}.Release|x64.ActiveCfg = Release|x64
		{5636B0FF-0BE8-4D22-A450-85EA978619A3}.Release|x64.Build.0 = Release|x64
		{5636B0FF-0BE8-4D22-A450-85EA978619A3}.Release|x86.ActiveCfg = Release|Win32
		{5636B0FF-0BE8-4D22-A450-85EA978619A3}.Release|x86.Build.0 = Release|Win32
		{E7A789A1-0AAE-4E51-9AEE-A30D8FDC979C}.Debug|x64.ActiveCfg = Debug|x64
		{E7A789A1-0AAE-4E51-9AEE-A30D8FDC979C}.Debug|x64.Build.0 = Debug|x64
		{E7A789A1-0AAE-4E51-9AEE-A30D8FDC979C}.Debug|x86.ActiveCfg = Debug|Win32
		{E7A789A1-0AAE-4E51-9AEE-A30D8FDC979C}.Debug|x86.Build.0 = Debug|Win32
		{E7A789A1-0AAE-4E51-9AEE-A30D8FDC979C}.Release|x64.ActiveCfg = Release|x64
		{E7A789A1-0AAE-4E51-9AEE-A30D8FDC979C}.Release|x64.Build.0 = Release|x64
		{E7A789A1-0AAE-4E51-9AEE-A30D8FDC979C}.Release|x86.ActiveCfg = Release|Win32
		{E7A789A1-0AAE-4E51-9AEE-A30D8FDC979C}.Release|x86.Build.0 = Release|Win32
		{87CD72ED-34A9-41F0-A7DB-C16249C7D962}.Debug|x64.ActiveCfg = Debug|x64
		{87CD72ED-34A9-41F0-A7DB-C16249C7D962}.Debug|x64.Build.0 = Debug|x64
		{87CD72ED-34A9-41F0-A7DB-C16249C7D962}.Debug|x86.ActiveCfg = Debug|Win32
		{87CD72ED-34A9-41F0-A7DB-C16249C7D962}.Debug|x86.Build.0 = Debug|Win32
		{87CD72ED-34A9-41F0-A7DB-C16249C7D962}.Release|x64.ActiveCfg = Release|x64
		{87CD72ED-34A9-41F0-A7DB-C16249C7D962}.Release|x64.Build.0 = Release|x64
		{87CD72ED-34A9-41F0-A7DB-C16249C7D962}.Release|x86.ActiveCfg = Release|Win32
		{87CD72ED-34A9-41F0-A7DB-C16249C7D962}.Release|x86.Build.0 = Release|Win32
	EndGlobalSection
	GlobalSection(SolutionProperties) = preSolution
		HideSolutionNode = FALSE
	EndGlobalSection
	GlobalSection(ExtensibilityGlobals) = postSolution
		SolutionGuid = {7DC73D0C-09C9-41CE-9E88-777F4503B021}
	EndGlobalSection
EndGlobal
